// !$*UTF8*$!
{
	archiveVersion = 1;
	classes = {
	};
	objectVersion = 48;
	objects = {

/* Begin PBXBuildFile section */
		8386CC07201A9D4E00805FA5 /* AppDelegate.swift in Sources */ = {isa = PBXBuildFile; fileRef = 8386CC06201A9D4E00805FA5 /* AppDelegate.swift */; };
		8386CC09201A9D4E00805FA5 /* ViewController.swift in Sources */ = {isa = PBXBuildFile; fileRef = 8386CC08201A9D4E00805FA5 /* ViewController.swift */; };
		8386CC0C201A9D4E00805FA5 /* Main.storyboard in Resources */ = {isa = PBXBuildFile; fileRef = 8386CC0A201A9D4E00805FA5 /* Main.storyboard */; };
		8386CC0E201A9D4E00805FA5 /* Assets.xcassets in Resources */ = {isa = PBXBuildFile; fileRef = 8386CC0D201A9D4E00805FA5 /* Assets.xcassets */; };
		8386CC11201A9D4E00805FA5 /* LaunchScreen.storyboard in Resources */ = {isa = PBXBuildFile; fileRef = 8386CC0F201A9D4E00805FA5 /* LaunchScreen.storyboard */; };
		8386CC1C201A9D4E00805FA5 /* AlarmClockTests.swift in Sources */ = {isa = PBXBuildFile; fileRef = 8386CC1B201A9D4E00805FA5 /* AlarmClockTests.swift */; };
		8386CC27201A9D4E00805FA5 /* AlarmClockUITests.swift in Sources */ = {isa = PBXBuildFile; fileRef = 8386CC26201A9D4E00805FA5 /* AlarmClockUITests.swift */; };
		8386CC35201AA01000805FA5 /* Alarm.swift in Sources */ = {isa = PBXBuildFile; fileRef = 8386CC34201AA01000805FA5 /* Alarm.swift */; };
		8386CC37201B9D6500805FA5 /* AlarmDetailViewController.swift in Sources */ = {isa = PBXBuildFile; fileRef = 8386CC36201B9D6500805FA5 /* AlarmDetailViewController.swift */; };
		8386CC952020356900805FA5 /* AlarmClock.xcdatamodeld in Sources */ = {isa = PBXBuildFile; fileRef = 8386CC932020356900805FA5 /* AlarmClock.xcdatamodeld */; };
		839430AE202D0702001A67CC /* AlarmTableViewCell.swift in Sources */ = {isa = PBXBuildFile; fileRef = 839430AD202D0702001A67CC /* AlarmTableViewCell.swift */; };
		839430B5202E12A1001A67CC /* AddAlarmTableViewController.swift in Sources */ = {isa = PBXBuildFile; fileRef = 839430B4202E12A1001A67CC /* AddAlarmTableViewController.swift */; };
		839430B820336E2E001A67CC /* Repeater.swift in Sources */ = {isa = PBXBuildFile; fileRef = 839430B720336E2E001A67CC /* Repeater.swift */; };
/* End PBXBuildFile section */

/* Begin PBXContainerItemProxy section */
		8386CC18201A9D4E00805FA5 /* PBXContainerItemProxy */ = {
			isa = PBXContainerItemProxy;
			containerPortal = 8386CBFB201A9D4D00805FA5 /* Project object */;
			proxyType = 1;
			remoteGlobalIDString = 8386CC02201A9D4D00805FA5;
			remoteInfo = AlarmClock;
		};
		8386CC23201A9D4E00805FA5 /* PBXContainerItemProxy */ = {
			isa = PBXContainerItemProxy;
			containerPortal = 8386CBFB201A9D4D00805FA5 /* Project object */;
			proxyType = 1;
			remoteGlobalIDString = 8386CC02201A9D4D00805FA5;
			remoteInfo = AlarmClock;
		};
/* End PBXContainerItemProxy section */

/* Begin PBXFileReference section */
		8386CC03201A9D4D00805FA5 /* AlarmClock.app */ = {isa = PBXFileReference; explicitFileType = wrapper.application; includeInIndex = 0; path = AlarmClock.app; sourceTree = BUILT_PRODUCTS_DIR; };
		8386CC06201A9D4E00805FA5 /* AppDelegate.swift */ = {isa = PBXFileReference; lastKnownFileType = sourcecode.swift; path = AppDelegate.swift; sourceTree = "<group>"; };
		8386CC08201A9D4E00805FA5 /* ViewController.swift */ = {isa = PBXFileReference; lastKnownFileType = sourcecode.swift; path = ViewController.swift; sourceTree = "<group>"; };
		8386CC0B201A9D4E00805FA5 /* Base */ = {isa = PBXFileReference; lastKnownFileType = file.storyboard; name = Base; path = Base.lproj/Main.storyboard; sourceTree = "<group>"; };
		8386CC0D201A9D4E00805FA5 /* Assets.xcassets */ = {isa = PBXFileReference; lastKnownFileType = folder.assetcatalog; path = Assets.xcassets; sourceTree = "<group>"; };
		8386CC10201A9D4E00805FA5 /* Base */ = {isa = PBXFileReference; lastKnownFileType = file.storyboard; name = Base; path = Base.lproj/LaunchScreen.storyboard; sourceTree = "<group>"; };
		8386CC12201A9D4E00805FA5 /* Info.plist */ = {isa = PBXFileReference; lastKnownFileType = text.plist.xml; path = Info.plist; sourceTree = "<group>"; };
		8386CC17201A9D4E00805FA5 /* AlarmClockTests.xctest */ = {isa = PBXFileReference; explicitFileType = wrapper.cfbundle; includeInIndex = 0; path = AlarmClockTests.xctest; sourceTree = BUILT_PRODUCTS_DIR; };
		8386CC1B201A9D4E00805FA5 /* AlarmClockTests.swift */ = {isa = PBXFileReference; lastKnownFileType = sourcecode.swift; path = AlarmClockTests.swift; sourceTree = "<group>"; };
		8386CC1D201A9D4E00805FA5 /* Info.plist */ = {isa = PBXFileReference; lastKnownFileType = text.plist.xml; path = Info.plist; sourceTree = "<group>"; };
		8386CC22201A9D4E00805FA5 /* AlarmClockUITests.xctest */ = {isa = PBXFileReference; explicitFileType = wrapper.cfbundle; includeInIndex = 0; path = AlarmClockUITests.xctest; sourceTree = BUILT_PRODUCTS_DIR; };
		8386CC26201A9D4E00805FA5 /* AlarmClockUITests.swift */ = {isa = PBXFileReference; lastKnownFileType = sourcecode.swift; path = AlarmClockUITests.swift; sourceTree = "<group>"; };
		8386CC28201A9D4E00805FA5 /* Info.plist */ = {isa = PBXFileReference; lastKnownFileType = text.plist.xml; path = Info.plist; sourceTree = "<group>"; };
		8386CC34201AA01000805FA5 /* Alarm.swift */ = {isa = PBXFileReference; lastKnownFileType = sourcecode.swift; path = Alarm.swift; sourceTree = "<group>"; };
		8386CC36201B9D6500805FA5 /* AlarmDetailViewController.swift */ = {isa = PBXFileReference; lastKnownFileType = sourcecode.swift; path = AlarmDetailViewController.swift; sourceTree = "<group>"; };
		8386CC942020356900805FA5 /* Model.xcdatamodel */ = {isa = PBXFileReference; lastKnownFileType = wrapper.xcdatamodel; path = Model.xcdatamodel; sourceTree = "<group>"; };
		839430AD202D0702001A67CC /* AlarmTableViewCell.swift */ = {isa = PBXFileReference; lastKnownFileType = sourcecode.swift; path = AlarmTableViewCell.swift; sourceTree = "<group>"; };
		839430B4202E12A1001A67CC /* AddAlarmTableViewController.swift */ = {isa = PBXFileReference; lastKnownFileType = sourcecode.swift; path = AddAlarmTableViewController.swift; sourceTree = "<group>"; };
		839430B720336E2E001A67CC /* Repeater.swift */ = {isa = PBXFileReference; lastKnownFileType = sourcecode.swift; path = Repeater.swift; sourceTree = "<group>"; };
/* End PBXFileReference section */

/* Begin PBXFrameworksBuildPhase section */
		8386CC00201A9D4D00805FA5 /* Frameworks */ = {
			isa = PBXFrameworksBuildPhase;
			buildActionMask = 2147483647;
			files = (
			);
			runOnlyForDeploymentPostprocessing = 0;
		};
		8386CC14201A9D4E00805FA5 /* Frameworks */ = {
			isa = PBXFrameworksBuildPhase;
			buildActionMask = 2147483647;
			files = (
			);
			runOnlyForDeploymentPostprocessing = 0;
		};
		8386CC1F201A9D4E00805FA5 /* Frameworks */ = {
			isa = PBXFrameworksBuildPhase;
			buildActionMask = 2147483647;
			files = (
			);
			runOnlyForDeploymentPostprocessing = 0;
		};
/* End PBXFrameworksBuildPhase section */

/* Begin PBXGroup section */
		8386CBFA201A9D4D00805FA5 = {
			isa = PBXGroup;
			children = (
				8386CC05201A9D4D00805FA5 /* AlarmClock */,
				8386CC1A201A9D4E00805FA5 /* AlarmClockTests */,
				8386CC25201A9D4E00805FA5 /* AlarmClockUITests */,
				8386CC04201A9D4D00805FA5 /* Products */,
			);
			sourceTree = "<group>";
		};
		8386CC04201A9D4D00805FA5 /* Products */ = {
			isa = PBXGroup;
			children = (
				8386CC03201A9D4D00805FA5 /* AlarmClock.app */,
				8386CC17201A9D4E00805FA5 /* AlarmClockTests.xctest */,
				8386CC22201A9D4E00805FA5 /* AlarmClockUITests.xctest */,
			);
			name = Products;
			sourceTree = "<group>";
		};
		8386CC05201A9D4D00805FA5 /* AlarmClock */ = {
			isa = PBXGroup;
			children = (
				839430B3202D2017001A67CC /* View Controllers */,
				839430B620336DD2001A67CC /* Model */,
				8386CC0A201A9D4E00805FA5 /* Main.storyboard */,
				8386CC932020356900805FA5 /* AlarmClock.xcdatamodeld */,
				839430AD202D0702001A67CC /* AlarmTableViewCell.swift */,
				8386CC06201A9D4E00805FA5 /* AppDelegate.swift */,
				8386CC0D201A9D4E00805FA5 /* Assets.xcassets */,
				8386CC0F201A9D4E00805FA5 /* LaunchScreen.storyboard */,
				8386CC12201A9D4E00805FA5 /* Info.plist */,
			);
			path = AlarmClock;
			sourceTree = "<group>";
		};
		8386CC1A201A9D4E00805FA5 /* AlarmClockTests */ = {
			isa = PBXGroup;
			children = (
				8386CC1B201A9D4E00805FA5 /* AlarmClockTests.swift */,
				8386CC1D201A9D4E00805FA5 /* Info.plist */,
			);
			path = AlarmClockTests;
			sourceTree = "<group>";
		};
		8386CC25201A9D4E00805FA5 /* AlarmClockUITests */ = {
			isa = PBXGroup;
			children = (
				8386CC26201A9D4E00805FA5 /* AlarmClockUITests.swift */,
				8386CC28201A9D4E00805FA5 /* Info.plist */,
			);
			path = AlarmClockUITests;
			sourceTree = "<group>";
		};
		839430B3202D2017001A67CC /* View Controllers */ = {
			isa = PBXGroup;
			children = (
				8386CC08201A9D4E00805FA5 /* ViewController.swift */,
				8386CC36201B9D6500805FA5 /* AlarmDetailViewController.swift */,
				839430B4202E12A1001A67CC /* AddAlarmTableViewController.swift */,
			);
			path = "View Controllers";
			sourceTree = "<group>";
		};
		839430B620336DD2001A67CC /* Model */ = {
			isa = PBXGroup;
			children = (
				8386CC34201AA01000805FA5 /* Alarm.swift */,
				839430B720336E2E001A67CC /* Repeater.swift */,
			);
			path = Model;
			sourceTree = "<group>";
		};
/* End PBXGroup section */

/* Begin PBXNativeTarget section */
		8386CC02201A9D4D00805FA5 /* AlarmClock */ = {
			isa = PBXNativeTarget;
			buildConfigurationList = 8386CC2B201A9D4E00805FA5 /* Build configuration list for PBXNativeTarget "AlarmClock" */;
			buildPhases = (
				8386CBFF201A9D4D00805FA5 /* Sources */,
				8386CC00201A9D4D00805FA5 /* Frameworks */,
				8386CC01201A9D4D00805FA5 /* Resources */,
			);
			buildRules = (
			);
			dependencies = (
			);
			name = AlarmClock;
			productName = AlarmClock;
			productReference = 8386CC03201A9D4D00805FA5 /* AlarmClock.app */;
			productType = "com.apple.product-type.application";
		};
		8386CC16201A9D4E00805FA5 /* AlarmClockTests */ = {
			isa = PBXNativeTarget;
			buildConfigurationList = 8386CC2E201A9D4E00805FA5 /* Build configuration list for PBXNativeTarget "AlarmClockTests" */;
			buildPhases = (
				8386CC13201A9D4E00805FA5 /* Sources */,
				8386CC14201A9D4E00805FA5 /* Frameworks */,
				8386CC15201A9D4E00805FA5 /* Resources */,
			);
			buildRules = (
			);
			dependencies = (
				8386CC19201A9D4E00805FA5 /* PBXTargetDependency */,
			);
			name = AlarmClockTests;
			productName = AlarmClockTests;
			productReference = 8386CC17201A9D4E00805FA5 /* AlarmClockTests.xctest */;
			productType = "com.apple.product-type.bundle.unit-test";
		};
		8386CC21201A9D4E00805FA5 /* AlarmClockUITests */ = {
			isa = PBXNativeTarget;
			buildConfigurationList = 8386CC31201A9D4E00805FA5 /* Build configuration list for PBXNativeTarget "AlarmClockUITests" */;
			buildPhases = (
				8386CC1E201A9D4E00805FA5 /* Sources */,
				8386CC1F201A9D4E00805FA5 /* Frameworks */,
				8386CC20201A9D4E00805FA5 /* Resources */,
			);
			buildRules = (
			);
			dependencies = (
				8386CC24201A9D4E00805FA5 /* PBXTargetDependency */,
			);
			name = AlarmClockUITests;
			productName = AlarmClockUITests;
			productReference = 8386CC22201A9D4E00805FA5 /* AlarmClockUITests.xctest */;
			productType = "com.apple.product-type.bundle.ui-testing";
		};
/* End PBXNativeTarget section */

/* Begin PBXProject section */
		8386CBFB201A9D4D00805FA5 /* Project object */ = {
			isa = PBXProject;
			attributes = {
				LastSwiftUpdateCheck = 0920;
				LastUpgradeCheck = 0920;
				ORGANIZATIONNAME = "Zukosky, Jonah";
				TargetAttributes = {
					8386CC02201A9D4D00805FA5 = {
						CreatedOnToolsVersion = 9.2;
						ProvisioningStyle = Automatic;
					};
					8386CC16201A9D4E00805FA5 = {
						CreatedOnToolsVersion = 9.2;
						ProvisioningStyle = Automatic;
						TestTargetID = 8386CC02201A9D4D00805FA5;
					};
					8386CC21201A9D4E00805FA5 = {
						CreatedOnToolsVersion = 9.2;
						ProvisioningStyle = Automatic;
						TestTargetID = 8386CC02201A9D4D00805FA5;
					};
				};
			};
			buildConfigurationList = 8386CBFE201A9D4D00805FA5 /* Build configuration list for PBXProject "AlarmClock" */;
			compatibilityVersion = "Xcode 8.0";
			developmentRegion = en;
			hasScannedForEncodings = 0;
			knownRegions = (
				en,
				Base,
			);
			mainGroup = 8386CBFA201A9D4D00805FA5;
			productRefGroup = 8386CC04201A9D4D00805FA5 /* Products */;
			projectDirPath = "";
			projectRoot = "";
			targets = (
				8386CC02201A9D4D00805FA5 /* AlarmClock */,
				8386CC16201A9D4E00805FA5 /* AlarmClockTests */,
				8386CC21201A9D4E00805FA5 /* AlarmClockUITests */,
			);
		};
/* End PBXProject section */

/* Begin PBXResourcesBuildPhase section */
		8386CC01201A9D4D00805FA5 /* Resources */ = {
			isa = PBXResourcesBuildPhase;
			buildActionMask = 2147483647;
			files = (
				8386CC11201A9D4E00805FA5 /* LaunchScreen.storyboard in Resources */,
				8386CC0E201A9D4E00805FA5 /* Assets.xcassets in Resources */,
				8386CC0C201A9D4E00805FA5 /* Main.storyboard in Resources */,
			);
			runOnlyForDeploymentPostprocessing = 0;
		};
		8386CC15201A9D4E00805FA5 /* Resources */ = {
			isa = PBXResourcesBuildPhase;
			buildActionMask = 2147483647;
			files = (
			);
			runOnlyForDeploymentPostprocessing = 0;
		};
		8386CC20201A9D4E00805FA5 /* Resources */ = {
			isa = PBXResourcesBuildPhase;
			buildActionMask = 2147483647;
			files = (
			);
			runOnlyForDeploymentPostprocessing = 0;
		};
/* End PBXResourcesBuildPhase section */

/* Begin PBXSourcesBuildPhase section */
		8386CBFF201A9D4D00805FA5 /* Sources */ = {
			isa = PBXSourcesBuildPhase;
			buildActionMask = 2147483647;
			files = (
				8386CC35201AA01000805FA5 /* Alarm.swift in Sources */,
				839430B820336E2E001A67CC /* Repeater.swift in Sources */,
				8386CC37201B9D6500805FA5 /* AlarmDetailViewController.swift in Sources */,
				839430B5202E12A1001A67CC /* AddAlarmTableViewController.swift in Sources */,
				8386CC952020356900805FA5 /* AlarmClock.xcdatamodeld in Sources */,
				8386CC09201A9D4E00805FA5 /* ViewController.swift in Sources */,
				8386CC07201A9D4E00805FA5 /* AppDelegate.swift in Sources */,
				839430AE202D0702001A67CC /* AlarmTableViewCell.swift in Sources */,
			);
			runOnlyForDeploymentPostprocessing = 0;
		};
		8386CC13201A9D4E00805FA5 /* Sources */ = {
			isa = PBXSourcesBuildPhase;
			buildActionMask = 2147483647;
			files = (
				8386CC1C201A9D4E00805FA5 /* AlarmClockTests.swift in Sources */,
			);
			runOnlyForDeploymentPostprocessing = 0;
		};
		8386CC1E201A9D4E00805FA5 /* Sources */ = {
			isa = PBXSourcesBuildPhase;
			buildActionMask = 2147483647;
			files = (
				8386CC27201A9D4E00805FA5 /* AlarmClockUITests.swift in Sources */,
			);
			runOnlyForDeploymentPostprocessing = 0;
		};
/* End PBXSourcesBuildPhase section */

/* Begin PBXTargetDependency section */
		8386CC19201A9D4E00805FA5 /* PBXTargetDependency */ = {
			isa = PBXTargetDependency;
			target = 8386CC02201A9D4D00805FA5 /* AlarmClock */;
			targetProxy = 8386CC18201A9D4E00805FA5 /* PBXContainerItemProxy */;
		};
		8386CC24201A9D4E00805FA5 /* PBXTargetDependency */ = {
			isa = PBXTargetDependency;
			target = 8386CC02201A9D4D00805FA5 /* AlarmClock */;
			targetProxy = 8386CC23201A9D4E00805FA5 /* PBXContainerItemProxy */;
		};
/* End PBXTargetDependency section */

/* Begin PBXVariantGroup section */
		8386CC0A201A9D4E00805FA5 /* Main.storyboard */ = {
			isa = PBXVariantGroup;
			children = (
				8386CC0B201A9D4E00805FA5 /* Base */,
			);
			name = Main.storyboard;
			sourceTree = "<group>";
		};
		8386CC0F201A9D4E00805FA5 /* LaunchScreen.storyboard */ = {
			isa = PBXVariantGroup;
			children = (
				8386CC10201A9D4E00805FA5 /* Base */,
			);
			name = LaunchScreen.storyboard;
			sourceTree = "<group>";
		};
/* End PBXVariantGroup section */

/* Begin XCBuildConfiguration section */
		8386CC29201A9D4E00805FA5 /* Debug */ = {
			isa = XCBuildConfiguration;
			buildSettings = {
				ALWAYS_SEARCH_USER_PATHS = NO;
				CLANG_ANALYZER_NONNULL = YES;
				CLANG_ANALYZER_NUMBER_OBJECT_CONVERSION = YES_AGGRESSIVE;
				CLANG_CXX_LANGUAGE_STANDARD = "gnu++14";
				CLANG_CXX_LIBRARY = "libc++";
				CLANG_ENABLE_MODULES = YES;
				CLANG_ENABLE_OBJC_ARC = YES;
				CLANG_WARN_BLOCK_CAPTURE_AUTORELEASING = YES;
				CLANG_WARN_BOOL_CONVERSION = YES;
				CLANG_WARN_COMMA = YES;
				CLANG_WARN_CONSTANT_CONVERSION = YES;
				CLANG_WARN_DIRECT_OBJC_ISA_USAGE = YES_ERROR;
				CLANG_WARN_DOCUMENTATION_COMMENTS = YES;
				CLANG_WARN_EMPTY_BODY = YES;
				CLANG_WARN_ENUM_CONVERSION = YES;
				CLANG_WARN_INFINITE_RECURSION = YES;
				CLANG_WARN_INT_CONVERSION = YES;
				CLANG_WARN_NON_LITERAL_NULL_CONVERSION = YES;
				CLANG_WARN_OBJC_LITERAL_CONVERSION = YES;
				CLANG_WARN_OBJC_ROOT_CLASS = YES_ERROR;
				CLANG_WARN_RANGE_LOOP_ANALYSIS = YES;
				CLANG_WARN_STRICT_PROTOTYPES = YES;
				CLANG_WARN_SUSPICIOUS_MOVE = YES;
				CLANG_WARN_UNGUARDED_AVAILABILITY = YES_AGGRESSIVE;
				CLANG_WARN_UNREACHABLE_CODE = YES;
				CLANG_WARN__DUPLICATE_METHOD_MATCH = YES;
				CODE_SIGN_IDENTITY = "iPhone Developer";
				COPY_PHASE_STRIP = NO;
				DEBUG_INFORMATION_FORMAT = dwarf;
				ENABLE_STRICT_OBJC_MSGSEND = YES;
				ENABLE_TESTABILITY = YES;
				GCC_C_LANGUAGE_STANDARD = gnu11;
				GCC_DYNAMIC_NO_PIC = NO;
				GCC_NO_COMMON_BLOCKS = YES;
				GCC_OPTIMIZATION_LEVEL = 0;
				GCC_PREPROCESSOR_DEFINITIONS = (
					"DEBUG=1",
					"$(inherited)",
				);
				GCC_WARN_64_TO_32_BIT_CONVERSION = YES;
				GCC_WARN_ABOUT_RETURN_TYPE = YES_ERROR;
				GCC_WARN_UNDECLARED_SELECTOR = YES;
				GCC_WARN_UNINITIALIZED_AUTOS = YES_AGGRESSIVE;
				GCC_WARN_UNUSED_FUNCTION = YES;
				GCC_WARN_UNUSED_VARIABLE = YES;
				IPHONEOS_DEPLOYMENT_TARGET = 11.2;
				MTL_ENABLE_DEBUG_INFO = YES;
				ONLY_ACTIVE_ARCH = YES;
				SDKROOT = iphoneos;
				SWIFT_ACTIVE_COMPILATION_CONDITIONS = DEBUG;
				SWIFT_OPTIMIZATION_LEVEL = "-Onone";
			};
			name = Debug;
		};
		8386CC2A201A9D4E00805FA5 /* Release */ = {
			isa = XCBuildConfiguration;
			buildSettings = {
				ALWAYS_SEARCH_USER_PATHS = NO;
				CLANG_ANALYZER_NONNULL = YES;
				CLANG_ANALYZER_NUMBER_OBJECT_CONVERSION = YES_AGGRESSIVE;
				CLANG_CXX_LANGUAGE_STANDARD = "gnu++14";
				CLANG_CXX_LIBRARY = "libc++";
				CLANG_ENABLE_MODULES = YES;
				CLANG_ENABLE_OBJC_ARC = YES;
				CLANG_WARN_BLOCK_CAPTURE_AUTORELEASING = YES;
				CLANG_WARN_BOOL_CONVERSION = YES;
				CLANG_WARN_COMMA = YES;
				CLANG_WARN_CONSTANT_CONVERSION = YES;
				CLANG_WARN_DIRECT_OBJC_ISA_USAGE = YES_ERROR;
				CLANG_WARN_DOCUMENTATION_COMMENTS = YES;
				CLANG_WARN_EMPTY_BODY = YES;
				CLANG_WARN_ENUM_CONVERSION = YES;
				CLANG_WARN_INFINITE_RECURSION = YES;
				CLANG_WARN_INT_CONVERSION = YES;
				CLANG_WARN_NON_LITERAL_NULL_CONVERSION = YES;
				CLANG_WARN_OBJC_LITERAL_CONVERSION = YES;
				CLANG_WARN_OBJC_ROOT_CLASS = YES_ERROR;
				CLANG_WARN_RANGE_LOOP_ANALYSIS = YES;
				CLANG_WARN_STRICT_PROTOTYPES = YES;
				CLANG_WARN_SUSPICIOUS_MOVE = YES;
				CLANG_WARN_UNGUARDED_AVAILABILITY = YES_AGGRESSIVE;
				CLANG_WARN_UNREACHABLE_CODE = YES;
				CLANG_WARN__DUPLICATE_METHOD_MATCH = YES;
				CODE_SIGN_IDENTITY = "iPhone Developer";
				COPY_PHASE_STRIP = NO;
				DEBUG_INFORMATION_FORMAT = "dwarf-with-dsym";
				ENABLE_NS_ASSERTIONS = NO;
				ENABLE_STRICT_OBJC_MSGSEND = YES;
				GCC_C_LANGUAGE_STANDARD = gnu11;
				GCC_NO_COMMON_BLOCKS = YES;
				GCC_WARN_64_TO_32_BIT_CONVERSION = YES;
				GCC_WARN_ABOUT_RETURN_TYPE = YES_ERROR;
				GCC_WARN_UNDECLARED_SELECTOR = YES;
				GCC_WARN_UNINITIALIZED_AUTOS = YES_AGGRESSIVE;
				GCC_WARN_UNUSED_FUNCTION = YES;
				GCC_WARN_UNUSED_VARIABLE = YES;
				IPHONEOS_DEPLOYMENT_TARGET = 11.2;
				MTL_ENABLE_DEBUG_INFO = NO;
				SDKROOT = iphoneos;
				SWIFT_OPTIMIZATION_LEVEL = "-Owholemodule";
				VALIDATE_PRODUCT = YES;
			};
			name = Release;
		};
		8386CC2C201A9D4E00805FA5 /* Debug */ = {
			isa = XCBuildConfiguration;
			buildSettings = {
				ASSETCATALOG_COMPILER_APPICON_NAME = AppIcon;
				CODE_SIGN_STYLE = Automatic;
				INFOPLIST_FILE = AlarmClock/Info.plist;
				LD_RUNPATH_SEARCH_PATHS = "$(inherited) @executable_path/Frameworks";
				PRODUCT_BUNDLE_IDENTIFIER = edu.missouri.AlarmClock;
				PRODUCT_NAME = "$(TARGET_NAME)";
				SWIFT_VERSION = 4.0;
				TARGETED_DEVICE_FAMILY = "1,2";
			};
			name = Debug;
		};
		8386CC2D201A9D4E00805FA5 /* Release */ = {
			isa = XCBuildConfiguration;
			buildSettings = {
				ASSETCATALOG_COMPILER_APPICON_NAME = AppIcon;
				CODE_SIGN_STYLE = Automatic;
				INFOPLIST_FILE = AlarmClock/Info.plist;
				LD_RUNPATH_SEARCH_PATHS = "$(inherited) @executable_path/Frameworks";
				PRODUCT_BUNDLE_IDENTIFIER = edu.missouri.AlarmClock;
				PRODUCT_NAME = "$(TARGET_NAME)";
				SWIFT_VERSION = 4.0;
				TARGETED_DEVICE_FAMILY = "1,2";
			};
			name = Release;
		};
		8386CC2F201A9D4E00805FA5 /* Debug */ = {
			isa = XCBuildConfiguration;
			buildSettings = {
				ALWAYS_EMBED_SWIFT_STANDARD_LIBRARIES = YES;
				BUNDLE_LOADER = "$(TEST_HOST)";
				CODE_SIGN_STYLE = Automatic;
				INFOPLIST_FILE = AlarmClockTests/Info.plist;
				LD_RUNPATH_SEARCH_PATHS = "$(inherited) @executable_path/Frameworks @loader_path/Frameworks";
				PRODUCT_BUNDLE_IDENTIFIER = edu.missouri.AlarmClockTests;
				PRODUCT_NAME = "$(TARGET_NAME)";
				SWIFT_VERSION = 4.0;
				TARGETED_DEVICE_FAMILY = "1,2";
				TEST_HOST = "$(BUILT_PRODUCTS_DIR)/AlarmClock.app/AlarmClock";
			};
			name = Debug;
		};
		8386CC30201A9D4E00805FA5 /* Release */ = {
			isa = XCBuildConfiguration;
			buildSettings = {
				ALWAYS_EMBED_SWIFT_STANDARD_LIBRARIES = YES;
				BUNDLE_LOADER = "$(TEST_HOST)";
				CODE_SIGN_STYLE = Automatic;
				INFOPLIST_FILE = AlarmClockTests/Info.plist;
				LD_RUNPATH_SEARCH_PATHS = "$(inherited) @executable_path/Frameworks @loader_path/Frameworks";
				PRODUCT_BUNDLE_IDENTIFIER = edu.missouri.AlarmClockTests;
				PRODUCT_NAME = "$(TARGET_NAME)";
				SWIFT_VERSION = 4.0;
				TARGETED_DEVICE_FAMILY = "1,2";
				TEST_HOST = "$(BUILT_PRODUCTS_DIR)/AlarmClock.app/AlarmClock";
			};
			name = Release;
		};
		8386CC32201A9D4E00805FA5 /* Debug */ = {
			isa = XCBuildConfiguration;
			buildSettings = {
				ALWAYS_EMBED_SWIFT_STANDARD_LIBRARIES = YES;
				CODE_SIGN_STYLE = Automatic;
				INFOPLIST_FILE = AlarmClockUITests/Info.plist;
				LD_RUNPATH_SEARCH_PATHS = "$(inherited) @executable_path/Frameworks @loader_path/Frameworks";
				PRODUCT_BUNDLE_IDENTIFIER = edu.missouri.AlarmClockUITests;
				PRODUCT_NAME = "$(TARGET_NAME)";
				SWIFT_VERSION = 4.0;
				TARGETED_DEVICE_FAMILY = "1,2";
				TEST_TARGET_NAME = AlarmClock;
			};
			name = Debug;
		};
		8386CC33201A9D4E00805FA5 /* Release */ = {
			isa = XCBuildConfiguration;
			buildSettings = {
				ALWAYS_EMBED_SWIFT_STANDARD_LIBRARIES = YES;
				CODE_SIGN_STYLE = Automatic;
				INFOPLIST_FILE = AlarmClockUITests/Info.plist;
				LD_RUNPATH_SEARCH_PATHS = "$(inherited) @executable_path/Frameworks @loader_path/Frameworks";
				PRODUCT_BUNDLE_IDENTIFIER = edu.missouri.AlarmClockUITests;
				PRODUCT_NAME = "$(TARGET_NAME)";
				SWIFT_VERSION = 4.0;
				TARGETED_DEVICE_FAMILY = "1,2";
				TEST_TARGET_NAME = AlarmClock;
			};
			name = Release;
		};
/* End XCBuildConfiguration section */

/* Begin XCConfigurationList section */
		8386CBFE201A9D4D00805FA5 /* Build configuration list for PBXProject "AlarmClock" */ = {
			isa = XCConfigurationList;
			buildConfigurations = (
				8386CC29201A9D4E00805FA5 /* Debug */,
				8386CC2A201A9D4E00805FA5 /* Release */,
			);
			defaultConfigurationIsVisible = 0;
			defaultConfigurationName = Release;
		};
		8386CC2B201A9D4E00805FA5 /* Build configuration list for PBXNativeTarget "AlarmClock" */ = {
			isa = XCConfigurationList;
			buildConfigurations = (
				8386CC2C201A9D4E00805FA5 /* Debug */,
				8386CC2D201A9D4E00805FA5 /* Release */,
			);
			defaultConfigurationIsVisible = 0;
			defaultConfigurationName = Release;
		};
		8386CC2E201A9D4E00805FA5 /* Build configuration list for PBXNativeTarget "AlarmClockTests" */ = {
			isa = XCConfigurationList;
			buildConfigurations = (
				8386CC2F201A9D4E00805FA5 /* Debug */,
				8386CC30201A9D4E00805FA5 /* Release */,
			);
			defaultConfigurationIsVisible = 0;
			defaultConfigurationName = Release;
		};
		8386CC31201A9D4E00805FA5 /* Build configuration list for PBXNativeTarget "AlarmClockUITests" */ = {
			isa = XCConfigurationList;
			buildConfigurations = (
				8386CC32201A9D4E00805FA5 /* Debug */,
				8386CC33201A9D4E00805FA5 /* Release */,
			);
			defaultConfigurationIsVisible = 0;
			defaultConfigurationName = Release;
		};
/* End XCConfigurationList section */

/* Begin XCVersionGroup section */
		8386CC932020356900805FA5 /* AlarmClock.xcdatamodeld */ = {
			isa = XCVersionGroup;
			children = (
				8386CC942020356900805FA5 /* Model.xcdatamodel */,
			);
			currentVersion = 8386CC942020356900805FA5 /* Model.xcdatamodel */;
			path = AlarmClock.xcdatamodeld;
			sourceTree = "<group>";
			versionGroupType = wrapper.xcdatamodel;
		};
/* End XCVersionGroup section */
	};
	rootObject = 8386CBFB201A9D4D00805FA5 /* Project object */;
}
